
Microsoft Visual Studio Solution File, Format Version 10.00
# Visual Studio 2008
Project("{8BC9CEB8-8B4A-11D0-8D11-00A0C91BC942}") = "scheme", "scheme\scheme.vcproj", "{AD7A33C9-5297-48DF-8141-44B36CDE06CB}"
EndProject
Global
	GlobalSection(SolutionConfigurationPlatforms) = preSolution
		Debug|Win32 = Debug|Win32
		Release|Win32 = Release|Win32
	EndGlobalSection
	GlobalSection(ProjectConfigurationPlatforms) = postSolution
		{AD7A33C9-5297-48DF-8141-44B36CDE06CB}.Debug|Win32.ActiveCfg = Debug|Win32
		{AD7A33C9-5297-48DF-8141-44B36CDE06CB}.Debug|Win32.Build.0 = Debug|Win32
		{AD7A33C9-5297-48DF-8141-44B36CDE06CB}.Release|Win32.ActiveCfg = Release|Win32
		{AD7A33C9-5297-48DF-8141-44B36CDE06CB}.Release|Win32.Build.0 = Release|Win32
	EndGlobalSection
	GlobalSection(SolutionProperties) = preSolution
		HideSolutionNode = FALSE
	EndGlobalSection
EndGlobal
